
Microsoft Visual Studio Solution File, Format Version 12.00
# Visual Studio Version 17
VisualStudioVersion = 17.10.34928.147
MinimumVisualStudioVersion = 10.0.40219.1
Project("{FAE04EC0-301F-11D3-BF4B-00C04F79EFBC}") = "T3_GRUPO_05", "T3_GRUPO_05\T3_GRUPO_05.csproj", "{3B266BF1-3CA8-4BA9-B501-0FEA689CAF07}"
EndProject
Global
	GlobalSection(SolutionConfigurationPlatforms) = preSolution
		Debug|Any CPU = Debug|Any CPU
		Release|Any CPU = Release|Any CPU
	EndGlobalSection
	GlobalSection(ProjectConfigurationPlatforms) = postSolution
		{3B266BF1-3CA8-4BA9-B501-0FEA689CAF07}.Debug|Any CPU.ActiveCfg = Debug|Any CPU
		{3B266BF1-3CA8-4BA9-B501-0FEA689CAF07}.Debug|Any CPU.Build.0 = Debug|Any CPU
		{3B266BF1-3CA8-4BA9-B501-0FEA689CAF07}.Release|Any CPU.ActiveCfg = Release|Any CPU
		{3B266BF1-3CA8-4BA9-B501-0FEA689CAF07}.Release|Any CPU.Build.0 = Release|Any CPU
	EndGlobalSection
	GlobalSection(SolutionProperties) = preSolution
		HideSolutionNode = FALSE
	EndGlobalSection
	GlobalSection(ExtensibilityGlobals) = postSolution
		SolutionGuid = {461259EA-9DBE-4BE5-8AD2-33E6C4586927}
	EndGlobalSection
EndGlobal
